// !$*UTF8*$!
{
	archiveVersion = 1;
	classes = {
	};
	objectVersion = 50;
	objects = {

/* Begin PBXBuildFile section */
		8780933A2432C480009CFA9A /* AppDelegate.swift in Sources */ = {isa = PBXBuildFile; fileRef = 878093392432C480009CFA9A /* AppDelegate.swift */; };
		8780933C2432C480009CFA9A /* SceneDelegate.swift in Sources */ = {isa = PBXBuildFile; fileRef = 8780933B2432C480009CFA9A /* SceneDelegate.swift */; };
		8780933E2432C480009CFA9A /* ContentView.swift in Sources */ = {isa = PBXBuildFile; fileRef = 8780933D2432C480009CFA9A /* ContentView.swift */; };
		878093402432C488009CFA9A /* Assets.xcassets in Resources */ = {isa = PBXBuildFile; fileRef = 8780933F2432C488009CFA9A /* Assets.xcassets */; };
		878093432432C488009CFA9A /* Preview Assets.xcassets in Resources */ = {isa = PBXBuildFile; fileRef = 878093422432C488009CFA9A /* Preview Assets.xcassets */; };
		878093462432C488009CFA9A /* LaunchScreen.storyboard in Resources */ = {isa = PBXBuildFile; fileRef = 878093442432C488009CFA9A /* LaunchScreen.storyboard */; };
		878093512432C488009CFA9A /* beep_boopTests.swift in Sources */ = {isa = PBXBuildFile; fileRef = 878093502432C488009CFA9A /* beep_boopTests.swift */; };
		8780935C2432C488009CFA9A /* beep_boopUITests.swift in Sources */ = {isa = PBXBuildFile; fileRef = 8780935B2432C488009CFA9A /* beep_boopUITests.swift */; };
/* End PBXBuildFile section */

/* Begin PBXContainerItemProxy section */
		8780934D2432C488009CFA9A /* PBXContainerItemProxy */ = {
			isa = PBXContainerItemProxy;
			containerPortal = 8780932E2432C480009CFA9A /* Project object */;
			proxyType = 1;
			remoteGlobalIDString = 878093352432C480009CFA9A;
			remoteInfo = "beep-boop";
		};
		878093582432C488009CFA9A /* PBXContainerItemProxy */ = {
			isa = PBXContainerItemProxy;
			containerPortal = 8780932E2432C480009CFA9A /* Project object */;
			proxyType = 1;
			remoteGlobalIDString = 878093352432C480009CFA9A;
			remoteInfo = "beep-boop";
		};
/* End PBXContainerItemProxy section */

/* Begin PBXFileReference section */
		878093362432C480009CFA9A /* beep-boop.app */ = {isa = PBXFileReference; explicitFileType = wrapper.application; includeInIndex = 0; path = "beep-boop.app"; sourceTree = BUILT_PRODUCTS_DIR; };
		878093392432C480009CFA9A /* AppDelegate.swift */ = {isa = PBXFileReference; lastKnownFileType = sourcecode.swift; path = AppDelegate.swift; sourceTree = "<group>"; };
		8780933B2432C480009CFA9A /* SceneDelegate.swift */ = {isa = PBXFileReference; lastKnownFileType = sourcecode.swift; path = SceneDelegate.swift; sourceTree = "<group>"; };
		8780933D2432C480009CFA9A /* ContentView.swift */ = {isa = PBXFileReference; lastKnownFileType = sourcecode.swift; path = ContentView.swift; sourceTree = "<group>"; };
		8780933F2432C488009CFA9A /* Assets.xcassets */ = {isa = PBXFileReference; lastKnownFileType = folder.assetcatalog; path = Assets.xcassets; sourceTree = "<group>"; };
		878093422432C488009CFA9A /* Preview Assets.xcassets */ = {isa = PBXFileReference; lastKnownFileType = folder.assetcatalog; path = "Preview Assets.xcassets"; sourceTree = "<group>"; };
		878093452432C488009CFA9A /* Base */ = {isa = PBXFileReference; lastKnownFileType = file.storyboard; name = Base; path = Base.lproj/LaunchScreen.storyboard; sourceTree = "<group>"; };
		878093472432C488009CFA9A /* Info.plist */ = {isa = PBXFileReference; lastKnownFileType = text.plist.xml; path = Info.plist; sourceTree = "<group>"; };
		8780934C2432C488009CFA9A /* beep-boopTests.xctest */ = {isa = PBXFileReference; explicitFileType = wrapper.cfbundle; includeInIndex = 0; path = "beep-boopTests.xctest"; sourceTree = BUILT_PRODUCTS_DIR; };
		878093502432C488009CFA9A /* beep_boopTests.swift */ = {isa = PBXFileReference; lastKnownFileType = sourcecode.swift; path = beep_boopTests.swift; sourceTree = "<group>"; };
		878093522432C488009CFA9A /* Info.plist */ = {isa = PBXFileReference; lastKnownFileType = text.plist.xml; path = Info.plist; sourceTree = "<group>"; };
		878093572432C488009CFA9A /* beep-boopUITests.xctest */ = {isa = PBXFileReference; explicitFileType = wrapper.cfbundle; includeInIndex = 0; path = "beep-boopUITests.xctest"; sourceTree = BUILT_PRODUCTS_DIR; };
		8780935B2432C488009CFA9A /* beep_boopUITests.swift */ = {isa = PBXFileReference; lastKnownFileType = sourcecode.swift; path = beep_boopUITests.swift; sourceTree = "<group>"; };
		8780935D2432C488009CFA9A /* Info.plist */ = {isa = PBXFileReference; lastKnownFileType = text.plist.xml; path = Info.plist; sourceTree = "<group>"; };
/* End PBXFileReference section */

/* Begin PBXFrameworksBuildPhase section */
		878093332432C480009CFA9A /* Frameworks */ = {
			isa = PBXFrameworksBuildPhase;
			buildActionMask = 2147483647;
			files = (
			);
			runOnlyForDeploymentPostprocessing = 0;
		};
		878093492432C488009CFA9A /* Frameworks */ = {
			isa = PBXFrameworksBuildPhase;
			buildActionMask = 2147483647;
			files = (
			);
			runOnlyForDeploymentPostprocessing = 0;
		};
		878093542432C488009CFA9A /* Frameworks */ = {
			isa = PBXFrameworksBuildPhase;
			buildActionMask = 2147483647;
			files = (
			);
			runOnlyForDeploymentPostprocessing = 0;
		};
/* End PBXFrameworksBuildPhase section */

/* Begin PBXGroup section */
		8780932D2432C480009CFA9A = {
			isa = PBXGroup;
			children = (
				878093382432C480009CFA9A /* beep-boop */,
				8780934F2432C488009CFA9A /* beep-boopTests */,
				8780935A2432C488009CFA9A /* beep-boopUITests */,
				878093372432C480009CFA9A /* Products */,
			);
			sourceTree = "<group>";
		};
		878093372432C480009CFA9A /* Products */ = {
			isa = PBXGroup;
			children = (
				878093362432C480009CFA9A /* beep-boop.app */,
				8780934C2432C488009CFA9A /* beep-boopTests.xctest */,
				878093572432C488009CFA9A /* beep-boopUITests.xctest */,
			);
			name = Products;
			sourceTree = "<group>";
		};
		878093382432C480009CFA9A /* beep-boop */ = {
			isa = PBXGroup;
			children = (
				878093392432C480009CFA9A /* AppDelegate.swift */,
				8780933B2432C480009CFA9A /* SceneDelegate.swift */,
				8780933D2432C480009CFA9A /* ContentView.swift */,
				8780933F2432C488009CFA9A /* Assets.xcassets */,
				878093442432C488009CFA9A /* LaunchScreen.storyboard */,
				878093472432C488009CFA9A /* Info.plist */,
				878093412432C488009CFA9A /* Preview Content */,
			);
			path = "beep-boop";
			sourceTree = "<group>";
		};
		878093412432C488009CFA9A /* Preview Content */ = {
			isa = PBXGroup;
			children = (
				878093422432C488009CFA9A /* Preview Assets.xcassets */,
			);
			path = "Preview Content";
			sourceTree = "<group>";
		};
		8780934F2432C488009CFA9A /* beep-boopTests */ = {
			isa = PBXGroup;
			children = (
				878093502432C488009CFA9A /* beep_boopTests.swift */,
				878093522432C488009CFA9A /* Info.plist */,
			);
			path = "beep-boopTests";
			sourceTree = "<group>";
		};
		8780935A2432C488009CFA9A /* beep-boopUITests */ = {
			isa = PBXGroup;
			children = (
				8780935B2432C488009CFA9A /* beep_boopUITests.swift */,
				8780935D2432C488009CFA9A /* Info.plist */,
			);
			path = "beep-boopUITests";
			sourceTree = "<group>";
		};
/* End PBXGroup section */

/* Begin PBXNativeTarget section */
		878093352432C480009CFA9A /* beep-boop */ = {
			isa = PBXNativeTarget;
			buildConfigurationList = 878093602432C488009CFA9A /* Build configuration list for PBXNativeTarget "beep-boop" */;
			buildPhases = (
				878093322432C480009CFA9A /* Sources */,
				878093332432C480009CFA9A /* Frameworks */,
				878093342432C480009CFA9A /* Resources */,
			);
			buildRules = (
			);
			dependencies = (
			);
			name = "beep-boop";
			productName = "beep-boop";
			productReference = 878093362432C480009CFA9A /* beep-boop.app */;
			productType = "com.apple.product-type.application";
		};
		8780934B2432C488009CFA9A /* beep-boopTests */ = {
			isa = PBXNativeTarget;
			buildConfigurationList = 878093632432C488009CFA9A /* Build configuration list for PBXNativeTarget "beep-boopTests" */;
			buildPhases = (
				878093482432C488009CFA9A /* Sources */,
				878093492432C488009CFA9A /* Frameworks */,
				8780934A2432C488009CFA9A /* Resources */,
			);
			buildRules = (
			);
			dependencies = (
				8780934E2432C488009CFA9A /* PBXTargetDependency */,
			);
			name = "beep-boopTests";
			productName = "beep-boopTests";
			productReference = 8780934C2432C488009CFA9A /* beep-boopTests.xctest */;
			productType = "com.apple.product-type.bundle.unit-test";
		};
		878093562432C488009CFA9A /* beep-boopUITests */ = {
			isa = PBXNativeTarget;
			buildConfigurationList = 878093662432C488009CFA9A /* Build configuration list for PBXNativeTarget "beep-boopUITests" */;
			buildPhases = (
				878093532432C488009CFA9A /* Sources */,
				878093542432C488009CFA9A /* Frameworks */,
				878093552432C488009CFA9A /* Resources */,
			);
			buildRules = (
			);
			dependencies = (
				878093592432C488009CFA9A /* PBXTargetDependency */,
			);
			name = "beep-boopUITests";
			productName = "beep-boopUITests";
			productReference = 878093572432C488009CFA9A /* beep-boopUITests.xctest */;
			productType = "com.apple.product-type.bundle.ui-testing";
		};
/* End PBXNativeTarget section */

/* Begin PBXProject section */
		8780932E2432C480009CFA9A /* Project object */ = {
			isa = PBXProject;
			attributes = {
				LastSwiftUpdateCheck = 1140;
				LastUpgradeCheck = 1140;
				ORGANIZATIONNAME = "Matthew Wang";
				TargetAttributes = {
					878093352432C480009CFA9A = {
						CreatedOnToolsVersion = 11.4;
					};
					8780934B2432C488009CFA9A = {
						CreatedOnToolsVersion = 11.4;
						TestTargetID = 878093352432C480009CFA9A;
					};
					878093562432C488009CFA9A = {
						CreatedOnToolsVersion = 11.4;
						TestTargetID = 878093352432C480009CFA9A;
					};
				};
			};
			buildConfigurationList = 878093312432C480009CFA9A /* Build configuration list for PBXProject "beep-boop" */;
			compatibilityVersion = "Xcode 9.3";
			developmentRegion = en;
			hasScannedForEncodings = 0;
			knownRegions = (
				en,
				Base,
			);
			mainGroup = 8780932D2432C480009CFA9A;
			productRefGroup = 878093372432C480009CFA9A /* Products */;
			projectDirPath = "";
			projectRoot = "";
			targets = (
				878093352432C480009CFA9A /* beep-boop */,
				8780934B2432C488009CFA9A /* beep-boopTests */,
				878093562432C488009CFA9A /* beep-boopUITests */,
			);
		};
/* End PBXProject section */

/* Begin PBXResourcesBuildPhase section */
		878093342432C480009CFA9A /* Resources */ = {
			isa = PBXResourcesBuildPhase;
			buildActionMask = 2147483647;
			files = (
				878093462432C488009CFA9A /* LaunchScreen.storyboard in Resources */,
				878093432432C488009CFA9A /* Preview Assets.xcassets in Resources */,
				878093402432C488009CFA9A /* Assets.xcassets in Resources */,
			);
			runOnlyForDeploymentPostprocessing = 0;
		};
		8780934A2432C488009CFA9A /* Resources */ = {
			isa = PBXResourcesBuildPhase;
			buildActionMask = 2147483647;
			files = (
			);
			runOnlyForDeploymentPostprocessing = 0;
		};
		878093552432C488009CFA9A /* Resources */ = {
			isa = PBXResourcesBuildPhase;
			buildActionMask = 2147483647;
			files = (
			);
			runOnlyForDeploymentPostprocessing = 0;
		};
/* End PBXResourcesBuildPhase section */

/* Begin PBXSourcesBuildPhase section */
		878093322432C480009CFA9A /* Sources */ = {
			isa = PBXSourcesBuildPhase;
			buildActionMask = 2147483647;
			files = (
				8780933A2432C480009CFA9A /* AppDelegate.swift in Sources */,
				8780933C2432C480009CFA9A /* SceneDelegate.swift in Sources */,
				8780933E2432C480009CFA9A /* ContentView.swift in Sources */,
			);
			runOnlyForDeploymentPostprocessing = 0;
		};
		878093482432C488009CFA9A /* Sources */ = {
			isa = PBXSourcesBuildPhase;
			buildActionMask = 2147483647;
			files = (
				878093512432C488009CFA9A /* beep_boopTests.swift in Sources */,
			);
			runOnlyForDeploymentPostprocessing = 0;
		};
		878093532432C488009CFA9A /* Sources */ = {
			isa = PBXSourcesBuildPhase;
			buildActionMask = 2147483647;
			files = (
				8780935C2432C488009CFA9A /* beep_boopUITests.swift in Sources */,
			);
			runOnlyForDeploymentPostprocessing = 0;
		};
/* End PBXSourcesBuildPhase section */

/* Begin PBXTargetDependency section */
		8780934E2432C488009CFA9A /* PBXTargetDependency */ = {
			isa = PBXTargetDependency;
			target = 878093352432C480009CFA9A /* beep-boop */;
			targetProxy = 8780934D2432C488009CFA9A /* PBXContainerItemProxy */;
		};
		878093592432C488009CFA9A /* PBXTargetDependency */ = {
			isa = PBXTargetDependency;
			target = 878093352432C480009CFA9A /* beep-boop */;
			targetProxy = 878093582432C488009CFA9A /* PBXContainerItemProxy */;
		};
/* End PBXTargetDependency section */

/* Begin PBXVariantGroup section */
		878093442432C488009CFA9A /* LaunchScreen.storyboard */ = {
			isa = PBXVariantGroup;
			children = (
				878093452432C488009CFA9A /* Base */,
			);
			name = LaunchScreen.storyboard;
			sourceTree = "<group>";
		};
/* End PBXVariantGroup section */

/* Begin XCBuildConfiguration section */
		8780935E2432C488009CFA9A /* Debug */ = {
			isa = XCBuildConfiguration;
			buildSettings = {
				ALWAYS_SEARCH_USER_PATHS = NO;
				CLANG_ANALYZER_NONNULL = YES;
				CLANG_ANALYZER_NUMBER_OBJECT_CONVERSION = YES_AGGRESSIVE;
				CLANG_CXX_LANGUAGE_STANDARD = "gnu++14";
				CLANG_CXX_LIBRARY = "libc++";
				CLANG_ENABLE_MODULES = YES;
				CLANG_ENABLE_OBJC_ARC = YES;
				CLANG_ENABLE_OBJC_WEAK = YES;
				CLANG_WARN_BLOCK_CAPTURE_AUTORELEASING = YES;
				CLANG_WARN_BOOL_CONVERSION = YES;
				CLANG_WARN_COMMA = YES;
				CLANG_WARN_CONSTANT_CONVERSION = YES;
				CLANG_WARN_DEPRECATED_OBJC_IMPLEMENTATIONS = YES;
				CLANG_WARN_DIRECT_OBJC_ISA_USAGE = YES_ERROR;
				CLANG_WARN_DOCUMENTATION_COMMENTS = YES;
				CLANG_WARN_EMPTY_BODY = YES;
				CLANG_WARN_ENUM_CONVERSION = YES;
				CLANG_WARN_INFINITE_RECURSION = YES;
				CLANG_WARN_INT_CONVERSION = YES;
				CLANG_WARN_NON_LITERAL_NULL_CONVERSION = YES;
				CLANG_WARN_OBJC_IMPLICIT_RETAIN_SELF = YES;
				CLANG_WARN_OBJC_LITERAL_CONVERSION = YES;
				CLANG_WARN_OBJC_ROOT_CLASS = YES_ERROR;
				CLANG_WARN_RANGE_LOOP_ANALYSIS = YES;
				CLANG_WARN_STRICT_PROTOTYPES = YES;
				CLANG_WARN_SUSPICIOUS_MOVE = YES;
				CLANG_WARN_UNGUARDED_AVAILABILITY = YES_AGGRESSIVE;
				CLANG_WARN_UNREACHABLE_CODE = YES;
				CLANG_WARN__DUPLICATE_METHOD_MATCH = YES;
				COPY_PHASE_STRIP = NO;
				DEBUG_INFORMATION_FORMAT = dwarf;
				ENABLE_STRICT_OBJC_MSGSEND = YES;
				ENABLE_TESTABILITY = YES;
				GCC_C_LANGUAGE_STANDARD = gnu11;
				GCC_DYNAMIC_NO_PIC = NO;
				GCC_NO_COMMON_BLOCKS = YES;
				GCC_OPTIMIZATION_LEVEL = 0;
				GCC_PREPROCESSOR_DEFINITIONS = (
					"DEBUG=1",
					"$(inherited)",
				);
				GCC_WARN_64_TO_32_BIT_CONVERSION = YES;
				GCC_WARN_ABOUT_RETURN_TYPE = YES_ERROR;
				GCC_WARN_UNDECLARED_SELECTOR = YES;
				GCC_WARN_UNINITIALIZED_AUTOS = YES_AGGRESSIVE;
				GCC_WARN_UNUSED_FUNCTION = YES;
				GCC_WARN_UNUSED_VARIABLE = YES;
				IPHONEOS_DEPLOYMENT_TARGET = 13.4;
				MTL_ENABLE_DEBUG_INFO = INCLUDE_SOURCE;
				MTL_FAST_MATH = YES;
				ONLY_ACTIVE_ARCH = YES;
				SDKROOT = iphoneos;
				SWIFT_ACTIVE_COMPILATION_CONDITIONS = DEBUG;
				SWIFT_OPTIMIZATION_LEVEL = "-Onone";
			};
			name = Debug;
		};
		8780935F2432C488009CFA9A /* Release */ = {
			isa = XCBuildConfiguration;
			buildSettings = {
				ALWAYS_SEARCH_USER_PATHS = NO;
				CLANG_ANALYZER_NONNULL = YES;
				CLANG_ANALYZER_NUMBER_OBJECT_CONVERSION = YES_AGGRESSIVE;
				CLANG_CXX_LANGUAGE_STANDARD = "gnu++14";
				CLANG_CXX_LIBRARY = "libc++";
				CLANG_ENABLE_MODULES = YES;
				CLANG_ENABLE_OBJC_ARC = YES;
				CLANG_ENABLE_OBJC_WEAK = YES;
				CLANG_WARN_BLOCK_CAPTURE_AUTORELEASING = YES;
				CLANG_WARN_BOOL_CONVERSION = YES;
				CLANG_WARN_COMMA = YES;
				CLANG_WARN_CONSTANT_CONVERSION = YES;
				CLANG_WARN_DEPRECATED_OBJC_IMPLEMENTATIONS = YES;
				CLANG_WARN_DIRECT_OBJC_ISA_USAGE = YES_ERROR;
				CLANG_WARN_DOCUMENTATION_COMMENTS = YES;
				CLANG_WARN_EMPTY_BODY = YES;
				CLANG_WARN_ENUM_CONVERSION = YES;
				CLANG_WARN_INFINITE_RECURSION = YES;
				CLANG_WARN_INT_CONVERSION = YES;
				CLANG_WARN_NON_LITERAL_NULL_CONVERSION = YES;
				CLANG_WARN_OBJC_IMPLICIT_RETAIN_SELF = YES;
				CLANG_WARN_OBJC_LITERAL_CONVERSION = YES;
				CLANG_WARN_OBJC_ROOT_CLASS = YES_ERROR;
				CLANG_WARN_RANGE_LOOP_ANALYSIS = YES;
				CLANG_WARN_STRICT_PROTOTYPES = YES;
				CLANG_WARN_SUSPICIOUS_MOVE = YES;
				CLANG_WARN_UNGUARDED_AVAILABILITY = YES_AGGRESSIVE;
				CLANG_WARN_UNREACHABLE_CODE = YES;
				CLANG_WARN__DUPLICATE_METHOD_MATCH = YES;
				COPY_PHASE_STRIP = NO;
				DEBUG_INFORMATION_FORMAT = "dwarf-with-dsym";
				ENABLE_NS_ASSERTIONS = NO;
				ENABLE_STRICT_OBJC_MSGSEND = YES;
				GCC_C_LANGUAGE_STANDARD = gnu11;
				GCC_NO_COMMON_BLOCKS = YES;
				GCC_WARN_64_TO_32_BIT_CONVERSION = YES;
				GCC_WARN_ABOUT_RETURN_TYPE = YES_ERROR;
				GCC_WARN_UNDECLARED_SELECTOR = YES;
				GCC_WARN_UNINITIALIZED_AUTOS = YES_AGGRESSIVE;
				GCC_WARN_UNUSED_FUNCTION = YES;
				GCC_WARN_UNUSED_VARIABLE = YES;
				IPHONEOS_DEPLOYMENT_TARGET = 13.4;
				MTL_ENABLE_DEBUG_INFO = NO;
				MTL_FAST_MATH = YES;
				SDKROOT = iphoneos;
				SWIFT_COMPILATION_MODE = wholemodule;
				SWIFT_OPTIMIZATION_LEVEL = "-O";
				VALIDATE_PRODUCT = YES;
			};
			name = Release;
		};
		878093612432C488009CFA9A /* Debug */ = {
			isa = XCBuildConfiguration;
			buildSettings = {
				ASSETCATALOG_COMPILER_APPICON_NAME = AppIcon;
				CODE_SIGN_STYLE = Automatic;
				DEVELOPMENT_ASSET_PATHS = "\"beep-boop/Preview Content\"";
				DEVELOPMENT_TEAM = 36XGK73SPU;
				ENABLE_PREVIEWS = YES;
				INFOPLIST_FILE = "beep-boop/Info.plist";
				LD_RUNPATH_SEARCH_PATHS = (
					"$(inherited)",
					"@executable_path/Frameworks",
				);
				PRODUCT_BUNDLE_IDENTIFIER = "me.matthewwang.beep-boop";
				PRODUCT_NAME = "$(TARGET_NAME)";
				SWIFT_VERSION = 5.0;
				TARGETED_DEVICE_FAMILY = "1,2";
			};
			name = Debug;
		};
		878093622432C488009CFA9A /* Release */ = {
			isa = XCBuildConfiguration;
			buildSettings = {
				ASSETCATALOG_COMPILER_APPICON_NAME = AppIcon;
				CODE_SIGN_STYLE = Automatic;
				DEVELOPMENT_ASSET_PATHS = "\"beep-boop/Preview Content\"";
				DEVELOPMENT_TEAM = 36XGK73SPU;
				ENABLE_PREVIEWS = YES;
				INFOPLIST_FILE = "beep-boop/Info.plist";
				LD_RUNPATH_SEARCH_PATHS = (
					"$(inherited)",
					"@executable_path/Frameworks",
				);
				PRODUCT_BUNDLE_IDENTIFIER = "me.matthewwang.beep-boop";
				PRODUCT_NAME = "$(TARGET_NAME)";
				SWIFT_VERSION = 5.0;
				TARGETED_DEVICE_FAMILY = "1,2";
			};
			name = Release;
		};
		878093642432C488009CFA9A /* Debug */ = {
			isa = XCBuildConfiguration;
			buildSettings = {
				ALWAYS_EMBED_SWIFT_STANDARD_LIBRARIES = YES;
				BUNDLE_LOADER = "$(TEST_HOST)";
				CODE_SIGN_STYLE = Automatic;
				DEVELOPMENT_TEAM = 36XGK73SPU;
				INFOPLIST_FILE = "beep-boopTests/Info.plist";
				IPHONEOS_DEPLOYMENT_TARGET = 13.4;
				LD_RUNPATH_SEARCH_PATHS = (
					"$(inherited)",
					"@executable_path/Frameworks",
					"@loader_path/Frameworks",
				);
				PRODUCT_BUNDLE_IDENTIFIER = "me.matthewwang.beep-boopTests";
				PRODUCT_NAME = "$(TARGET_NAME)";
				SWIFT_VERSION = 5.0;
				TARGETED_DEVICE_FAMILY = "1,2";
				TEST_HOST = "$(BUILT_PRODUCTS_DIR)/beep-boop.app/beep-boop";
			};
			name = Debug;
		};
		878093652432C488009CFA9A /* Release */ = {
			isa = XCBuildConfiguration;
			buildSettings = {
				ALWAYS_EMBED_SWIFT_STANDARD_LIBRARIES = YES;
				BUNDLE_LOADER = "$(TEST_HOST)";
				CODE_SIGN_STYLE = Automatic;
				DEVELOPMENT_TEAM = 36XGK73SPU;
				INFOPLIST_FILE = "beep-boopTests/Info.plist";
				IPHONEOS_DEPLOYMENT_TARGET = 13.4;
				LD_RUNPATH_SEARCH_PATHS = (
					"$(inherited)",
					"@executable_path/Frameworks",
					"@loader_path/Frameworks",
				);
				PRODUCT_BUNDLE_IDENTIFIER = "me.matthewwang.beep-boopTests";
				PRODUCT_NAME = "$(TARGET_NAME)";
				SWIFT_VERSION = 5.0;
				TARGETED_DEVICE_FAMILY = "1,2";
				TEST_HOST = "$(BUILT_PRODUCTS_DIR)/beep-boop.app/beep-boop";
			};
			name = Release;
		};
		878093672432C488009CFA9A /* Debug */ = {
			isa = XCBuildConfiguration;
			buildSettings = {
				ALWAYS_EMBED_SWIFT_STANDARD_LIBRARIES = YES;
				CODE_SIGN_STYLE = Automatic;
				DEVELOPMENT_TEAM = 36XGK73SPU;
				INFOPLIST_FILE = "beep-boopUITests/Info.plist";
				LD_RUNPATH_SEARCH_PATHS = (
					"$(inherited)",
					"@executable_path/Frameworks",
					"@loader_path/Frameworks",
				);
				PRODUCT_BUNDLE_IDENTIFIER = "me.matthewwang.beep-boopUITests";
				PRODUCT_NAME = "$(TARGET_NAME)";
				SWIFT_VERSION = 5.0;
				TARGETED_DEVICE_FAMILY = "1,2";
				TEST_TARGET_NAME = "beep-boop";
			};
			name = Debug;
		};
		878093682432C488009CFA9A /* Release */ = {
			isa = XCBuildConfiguration;
			buildSettings = {
				ALWAYS_EMBED_SWIFT_STANDARD_LIBRARIES = YES;
				CODE_SIGN_STYLE = Automatic;
				DEVELOPMENT_TEAM = 36XGK73SPU;
				INFOPLIST_FILE = "beep-boopUITests/Info.plist";
				LD_RUNPATH_SEARCH_PATHS = (
					"$(inherited)",
					"@executable_path/Frameworks",
					"@loader_path/Frameworks",
				);
				PRODUCT_BUNDLE_IDENTIFIER = "me.matthewwang.beep-boopUITests";
				PRODUCT_NAME = "$(TARGET_NAME)";
				SWIFT_VERSION = 5.0;
				TARGETED_DEVICE_FAMILY = "1,2";
				TEST_TARGET_NAME = "beep-boop";
			};
			name = Release;
		};
/* End XCBuildConfiguration section */

/* Begin XCConfigurationList section */
		878093312432C480009CFA9A /* Build configuration list for PBXProject "beep-boop" */ = {
			isa = XCConfigurationList;
			buildConfigurations = (
				8780935E2432C488009CFA9A /* Debug */,
				8780935F2432C488009CFA9A /* Release */,
			);
			defaultConfigurationIsVisible = 0;
			defaultConfigurationName = Release;
		};
		878093602432C488009CFA9A /* Build configuration list for PBXNativeTarget "beep-boop" */ = {
			isa = XCConfigurationList;
			buildConfigurations = (
				878093612432C488009CFA9A /* Debug */,
				878093622432C488009CFA9A /* Release */,
			);
			defaultConfigurationIsVisible = 0;
			defaultConfigurationName = Release;
		};
		878093632432C488009CFA9A /* Build configuration list for PBXNativeTarget "beep-boopTests" */ = {
			isa = XCConfigurationList;
			buildConfigurations = (
				878093642432C488009CFA9A /* Debug */,
				878093652432C488009CFA9A /* Release */,
			);
			defaultConfigurationIsVisible = 0;
			defaultConfigurationName = Release;
		};
		878093662432C488009CFA9A /* Build configuration list for PBXNativeTarget "beep-boopUITests" */ = {
			isa = XCConfigurationList;
			buildConfigurations = (
				878093672432C488009CFA9A /* Debug */,
				878093682432C488009CFA9A /* Release */,
			);
			defaultConfigurationIsVisible = 0;
			defaultConfigurationName = Release;
		};
/* End XCConfigurationList section */
	};
	rootObject = 8780932E2432C480009CFA9A /* Project object */;
}
